
Microsoft Visual Studio Solution File, Format Version 12.00
# Visual Studio 15
VisualStudioVersion = 15.0.28010.2019
MinimumVisualStudioVersion = 10.0.40219.1
Project("{FAE04EC0-301F-11D3-BF4B-00C04F79EFBC}") = "PEuler7", "PEuler7\PEuler7.csproj", "{369FB2D0-FB56-4AD6-9BE9-80E85C924E0B}"
EndProject
Global
	GlobalSection(SolutionConfigurationPlatforms) = preSolution
		Debug|Any CPU = Debug|Any CPU
		Release|Any CPU = Release|Any CPU
	EndGlobalSection
	GlobalSection(ProjectConfigurationPlatforms) = postSolution
		{369FB2D0-FB56-4AD6-9BE9-80E85C924E0B}.Debug|Any CPU.ActiveCfg = Debug|Any CPU
		{369FB2D0-FB56-4AD6-9BE9-80E85C924E0B}.Debug|Any CPU.Build.0 = Debug|Any CPU
		{369FB2D0-FB56-4AD6-9BE9-80E85C924E0B}.Release|Any CPU.ActiveCfg = Release|Any CPU
		{369FB2D0-FB56-4AD6-9BE9-80E85C924E0B}.Release|Any CPU.Build.0 = Release|Any CPU
	EndGlobalSection
	GlobalSection(SolutionProperties) = preSolution
		HideSolutionNode = FALSE
	EndGlobalSection
	GlobalSection(ExtensibilityGlobals) = postSolution
		SolutionGuid = {718EE641-D2F7-43FA-B6B2-8D8F072D561D}
	EndGlobalSection
EndGlobal
